
Microsoft Visual Studio Solution File, Format Version 12.00
# Visual Studio Version 17
VisualStudioVersion = 17.14.36603.0 d17.14
MinimumVisualStudioVersion = 10.0.40219.1
Project("{FAE04EC0-301F-11D3-BF4B-00C04F79EFBC}") = "PageWidgetExample", "PageWidgetExample\PageWidgetExample.csproj", "{ABF8AA81-03D5-ACFA-7D66-F5EAEAB82ED5}"
EndProject
Global
	GlobalSection(SolutionConfigurationPlatforms) = preSolution
		Debug|Any CPU = Debug|Any CPU
		Release|Any CPU = Release|Any CPU
	EndGlobalSection
	GlobalSection(ProjectConfigurationPlatforms) = postSolution
		{ABF8AA81-03D5-ACFA-7D66-F5EAEAB82ED5}.Debug|Any CPU.ActiveCfg = Debug|Any CPU
		{ABF8AA81-03D5-ACFA-7D66-F5EAEAB82ED5}.Debug|Any CPU.Build.0 = Debug|Any CPU
		{ABF8AA81-03D5-ACFA-7D66-F5EAEAB82ED5}.Release|Any CPU.ActiveCfg = Release|Any CPU
		{ABF8AA81-03D5-ACFA-7D66-F5EAEAB82ED5}.Release|Any CPU.Build.0 = Release|Any CPU
	EndGlobalSection
	GlobalSection(SolutionProperties) = preSolution
		HideSolutionNode = FALSE
	EndGlobalSection
	GlobalSection(ExtensibilityGlobals) = postSolution
		SolutionGuid = {05FF192E-9F1D-4A8B-BA93-1F79E4979D75}
	EndGlobalSection
EndGlobal
