Microsoft Visual Studio Solution File, Format Version 12.00
# Visual Studio Version 17
VisualStudioVersion = 17.1.32407.343
MinimumVisualStudioVersion = 10.0.40219.1
Project("{2150E333-8FDC-42A3-9474-1A3956D46DE8}") = "Solution Items", "Solution Items", "{798962D9-8DFA-4454-A0A5-6C7D329809F6}"
	ProjectSection(SolutionItems) = preProject
		Directory.Build.Example.props = Directory.Build.Example.props
	EndProjectSection
EndProject
Project("{9A19103F-16F7-4668-BE54-9A1E7A4F7556}") = "ProcessorTests", "ProcessorTests\ProcessorTests.csproj", "{36E017D4-C4EB-4C0E-8E2B-1F97150B07D9}"
EndProject
Project("{9A19103F-16F7-4668-BE54-9A1E7A4F7556}") = "Cli", "Cli\Cli.csproj", "{68A05E48-0798-451C-B6C9-5DDF1DEEFDF9}"
EndProject
Project("{930C7802-8A8C-48F9-8165-68863BCCD9DD}") = "CLI.Installer", "Cli.Installer\CLI.Installer.wixproj", "{68E66BCF-A2F7-4F33-A8F9-E0F22AC941BF}"
	ProjectSection(ProjectDependencies) = postProject
		{68A05E48-0798-451C-B6C9-5DDF1DEEFDF9} = {68A05E48-0798-451C-B6C9-5DDF1DEEFDF9}
	EndProjectSection
EndProject
Project("{2150E333-8FDC-42A3-9474-1A3956D46DE8}") = "_Notes", "_Notes", "{D57DF165-D7AC-4B4F-898D-46A59A58A4B1}"
	ProjectSection(SolutionItems) = preProject
		Processor\_RefactorNotes\refactorNotes.txt = Processor\_RefactorNotes\refactorNotes.txt
	EndProjectSection
EndProject
Project("{9A19103F-16F7-4668-BE54-9A1E7A4F7556}") = "ModelsTests", "ModelsTests\ModelsTests.csproj", "{2BAE1BCA-6F93-4530-91DF-9E8C2D744C37}"
EndProject
Project("{FAE04EC0-301F-11D3-BF4B-00C04F79EFBC}") = "TaskService", "TaskService\TaskService.csproj", "{D2756334-5540-40F0-A53B-E7B0861765E2}"
EndProject
Project("{9A19103F-16F7-4668-BE54-9A1E7A4F7556}") = "WebApi", "webapi\WebApi.csproj", "{BD706520-A997-4F21-9824-33263385A2B1}"
EndProject
Project("{FAE04EC0-301F-11D3-BF4B-00C04F79EFBC}") = "CPBase", "CPBase\CPBase.csproj", "{6E1714EE-514D-485F-A86B-EE2F16E2D689}"
EndProject
Project("{FAE04EC0-301F-11D3-BF4B-00C04F79EFBC}") = "Models", "Models\Models.csproj", "{B43502BF-C390-4232-89CF-8F859B3981E7}"
EndProject
Project("{FAE04EC0-301F-11D3-BF4B-00C04F79EFBC}") = "Processor", "Processor\Processor.csproj", "{285A07A9-A0EF-4BE7-9354-20F25EC05BAC}"
EndProject
Global
	GlobalSection(SolutionConfigurationPlatforms) = preSolution
		Debug|Any CPU = Debug|Any CPU
		Debug|x64 = Debug|x64
		Debug|x86 = Debug|x86
		Release|Any CPU = Release|Any CPU
		Release|x64 = Release|x64
		Release|x86 = Release|x86
	EndGlobalSection
	GlobalSection(ProjectConfigurationPlatforms) = postSolution
		{36E017D4-C4EB-4C0E-8E2B-1F97150B07D9}.Debug|Any CPU.ActiveCfg = Debug|Any CPU
		{36E017D4-C4EB-4C0E-8E2B-1F97150B07D9}.Debug|Any CPU.Build.0 = Debug|Any CPU
		{36E017D4-C4EB-4C0E-8E2B-1F97150B07D9}.Debug|x64.ActiveCfg = Debug|Any CPU
		{36E017D4-C4EB-4C0E-8E2B-1F97150B07D9}.Debug|x86.ActiveCfg = Debug|x86
		{36E017D4-C4EB-4C0E-8E2B-1F97150B07D9}.Debug|x86.Build.0 = Debug|x86
		{36E017D4-C4EB-4C0E-8E2B-1F97150B07D9}.Release|Any CPU.ActiveCfg = Release|Any CPU
		{36E017D4-C4EB-4C0E-8E2B-1F97150B07D9}.Release|Any CPU.Build.0 = Release|Any CPU
		{36E017D4-C4EB-4C0E-8E2B-1F97150B07D9}.Release|x64.ActiveCfg = Release|Any CPU
		{36E017D4-C4EB-4C0E-8E2B-1F97150B07D9}.Release|x86.ActiveCfg = Release|Any CPU
		{36E017D4-C4EB-4C0E-8E2B-1F97150B07D9}.Release|x86.Build.0 = Release|Any CPU
		{68A05E48-0798-451C-B6C9-5DDF1DEEFDF9}.Debug|Any CPU.ActiveCfg = Debug|Any CPU
		{68A05E48-0798-451C-B6C9-5DDF1DEEFDF9}.Debug|Any CPU.Build.0 = Debug|Any CPU
		{68A05E48-0798-451C-B6C9-5DDF1DEEFDF9}.Debug|x64.ActiveCfg = Debug|Any CPU
		{68A05E48-0798-451C-B6C9-5DDF1DEEFDF9}.Debug|x64.Build.0 = Debug|Any CPU
		{68A05E48-0798-451C-B6C9-5DDF1DEEFDF9}.Debug|x86.ActiveCfg = Debug|Any CPU
		{68A05E48-0798-451C-B6C9-5DDF1DEEFDF9}.Debug|x86.Build.0 = Debug|Any CPU
		{68A05E48-0798-451C-B6C9-5DDF1DEEFDF9}.Release|Any CPU.ActiveCfg = Release|Any CPU
		{68A05E48-0798-451C-B6C9-5DDF1DEEFDF9}.Release|Any CPU.Build.0 = Release|Any CPU
		{68A05E48-0798-451C-B6C9-5DDF1DEEFDF9}.Release|x64.ActiveCfg = Release|Any CPU
		{68A05E48-0798-451C-B6C9-5DDF1DEEFDF9}.Release|x64.Build.0 = Release|Any CPU
		{68A05E48-0798-451C-B6C9-5DDF1DEEFDF9}.Release|x86.ActiveCfg = Release|Any CPU
		{68A05E48-0798-451C-B6C9-5DDF1DEEFDF9}.Release|x86.Build.0 = Release|Any CPU
		{68E66BCF-A2F7-4F33-A8F9-E0F22AC941BF}.Debug|Any CPU.ActiveCfg = Debug|x86
		{68E66BCF-A2F7-4F33-A8F9-E0F22AC941BF}.Debug|x64.ActiveCfg = Debug|x86
		{68E66BCF-A2F7-4F33-A8F9-E0F22AC941BF}.Debug|x86.ActiveCfg = Debug|x86
		{68E66BCF-A2F7-4F33-A8F9-E0F22AC941BF}.Release|Any CPU.ActiveCfg = Release|x86
		{68E66BCF-A2F7-4F33-A8F9-E0F22AC941BF}.Release|x64.ActiveCfg = Release|x86
		{68E66BCF-A2F7-4F33-A8F9-E0F22AC941BF}.Release|x86.ActiveCfg = Release|x86
		{68E66BCF-A2F7-4F33-A8F9-E0F22AC941BF}.Release|x86.Build.0 = Release|x86
		{2BAE1BCA-6F93-4530-91DF-9E8C2D744C37}.Debug|Any CPU.ActiveCfg = Debug|Any CPU
		{2BAE1BCA-6F93-4530-91DF-9E8C2D744C37}.Debug|Any CPU.Build.0 = Debug|Any CPU
		{2BAE1BCA-6F93-4530-91DF-9E8C2D744C37}.Debug|x64.ActiveCfg = Debug|Any CPU
		{2BAE1BCA-6F93-4530-91DF-9E8C2D744C37}.Debug|x64.Build.0 = Debug|Any CPU
		{2BAE1BCA-6F93-4530-91DF-9E8C2D744C37}.Debug|x86.ActiveCfg = Debug|Any CPU
		{2BAE1BCA-6F93-4530-91DF-9E8C2D744C37}.Debug|x86.Build.0 = Debug|Any CPU
		{2BAE1BCA-6F93-4530-91DF-9E8C2D744C37}.Release|Any CPU.ActiveCfg = Release|Any CPU
		{2BAE1BCA-6F93-4530-91DF-9E8C2D744C37}.Release|Any CPU.Build.0 = Release|Any CPU
		{2BAE1BCA-6F93-4530-91DF-9E8C2D744C37}.Release|x64.ActiveCfg = Release|Any CPU
		{2BAE1BCA-6F93-4530-91DF-9E8C2D744C37}.Release|x64.Build.0 = Release|Any CPU
		{2BAE1BCA-6F93-4530-91DF-9E8C2D744C37}.Release|x86.ActiveCfg = Release|Any CPU
		{2BAE1BCA-6F93-4530-91DF-9E8C2D744C37}.Release|x86.Build.0 = Release|Any CPU
		{D2756334-5540-40F0-A53B-E7B0861765E2}.Debug|Any CPU.ActiveCfg = Debug|Any CPU
		{D2756334-5540-40F0-A53B-E7B0861765E2}.Debug|Any CPU.Build.0 = Debug|Any CPU
		{D2756334-5540-40F0-A53B-E7B0861765E2}.Debug|x64.ActiveCfg = Debug|Any CPU
		{D2756334-5540-40F0-A53B-E7B0861765E2}.Debug|x64.Build.0 = Debug|Any CPU
		{D2756334-5540-40F0-A53B-E7B0861765E2}.Debug|x86.ActiveCfg = Debug|Any CPU
		{D2756334-5540-40F0-A53B-E7B0861765E2}.Debug|x86.Build.0 = Debug|Any CPU
		{D2756334-5540-40F0-A53B-E7B0861765E2}.Release|Any CPU.ActiveCfg = Release|Any CPU
		{D2756334-5540-40F0-A53B-E7B0861765E2}.Release|Any CPU.Build.0 = Release|Any CPU
		{D2756334-5540-40F0-A53B-E7B0861765E2}.Release|x64.ActiveCfg = Release|Any CPU
		{D2756334-5540-40F0-A53B-E7B0861765E2}.Release|x64.Build.0 = Release|Any CPU
		{D2756334-5540-40F0-A53B-E7B0861765E2}.Release|x86.ActiveCfg = Release|Any CPU
		{D2756334-5540-40F0-A53B-E7B0861765E2}.Release|x86.Build.0 = Release|Any CPU
		{BD706520-A997-4F21-9824-33263385A2B1}.Debug|Any CPU.ActiveCfg = Debug|Any CPU
		{BD706520-A997-4F21-9824-33263385A2B1}.Debug|Any CPU.Build.0 = Debug|Any CPU
		{BD706520-A997-4F21-9824-33263385A2B1}.Debug|x64.ActiveCfg = Debug|Any CPU
		{BD706520-A997-4F21-9824-33263385A2B1}.Debug|x64.Build.0 = Debug|Any CPU
		{BD706520-A997-4F21-9824-33263385A2B1}.Debug|x86.ActiveCfg = Debug|Any CPU
		{BD706520-A997-4F21-9824-33263385A2B1}.Debug|x86.Build.0 = Debug|Any CPU
		{BD706520-A997-4F21-9824-33263385A2B1}.Release|Any CPU.ActiveCfg = Release|Any CPU
		{BD706520-A997-4F21-9824-33263385A2B1}.Release|Any CPU.Build.0 = Release|Any CPU
		{BD706520-A997-4F21-9824-33263385A2B1}.Release|x64.ActiveCfg = Release|Any CPU
		{BD706520-A997-4F21-9824-33263385A2B1}.Release|x64.Build.0 = Release|Any CPU
		{BD706520-A997-4F21-9824-33263385A2B1}.Release|x86.ActiveCfg = Release|Any CPU
		{BD706520-A997-4F21-9824-33263385A2B1}.Release|x86.Build.0 = Release|Any CPU
		{6E1714EE-514D-485F-A86B-EE2F16E2D689}.Debug|Any CPU.ActiveCfg = Debug|Any CPU
		{6E1714EE-514D-485F-A86B-EE2F16E2D689}.Debug|Any CPU.Build.0 = Debug|Any CPU
		{6E1714EE-514D-485F-A86B-EE2F16E2D689}.Debug|x64.ActiveCfg = Debug|Any CPU
		{6E1714EE-514D-485F-A86B-EE2F16E2D689}.Debug|x64.Build.0 = Debug|Any CPU
		{6E1714EE-514D-485F-A86B-EE2F16E2D689}.Debug|x86.ActiveCfg = Debug|Any CPU
		{6E1714EE-514D-485F-A86B-EE2F16E2D689}.Debug|x86.Build.0 = Debug|Any CPU
		{6E1714EE-514D-485F-A86B-EE2F16E2D689}.Release|Any CPU.ActiveCfg = Release|Any CPU
		{6E1714EE-514D-485F-A86B-EE2F16E2D689}.Release|Any CPU.Build.0 = Release|Any CPU
		{6E1714EE-514D-485F-A86B-EE2F16E2D689}.Release|x64.ActiveCfg = Release|Any CPU
		{6E1714EE-514D-485F-A86B-EE2F16E2D689}.Release|x64.Build.0 = Release|Any CPU
		{6E1714EE-514D-485F-A86B-EE2F16E2D689}.Release|x86.ActiveCfg = Release|Any CPU
		{6E1714EE-514D-485F-A86B-EE2F16E2D689}.Release|x86.Build.0 = Release|Any CPU
		{B43502BF-C390-4232-89CF-8F859B3981E7}.Debug|Any CPU.ActiveCfg = Debug|Any CPU
		{B43502BF-C390-4232-89CF-8F859B3981E7}.Debug|Any CPU.Build.0 = Debug|Any CPU
		{B43502BF-C390-4232-89CF-8F859B3981E7}.Debug|x64.ActiveCfg = Debug|Any CPU
		{B43502BF-C390-4232-89CF-8F859B3981E7}.Debug|x64.Build.0 = Debug|Any CPU
		{B43502BF-C390-4232-89CF-8F859B3981E7}.Debug|x86.ActiveCfg = Debug|Any CPU
		{B43502BF-C390-4232-89CF-8F859B3981E7}.Debug|x86.Build.0 = Debug|Any CPU
		{B43502BF-C390-4232-89CF-8F859B3981E7}.Release|Any CPU.ActiveCfg = Release|Any CPU
		{B43502BF-C390-4232-89CF-8F859B3981E7}.Release|Any CPU.Build.0 = Release|Any CPU
		{B43502BF-C390-4232-89CF-8F859B3981E7}.Release|x64.ActiveCfg = Release|Any CPU
		{B43502BF-C390-4232-89CF-8F859B3981E7}.Release|x64.Build.0 = Release|Any CPU
		{B43502BF-C390-4232-89CF-8F859B3981E7}.Release|x86.ActiveCfg = Release|Any CPU
		{B43502BF-C390-4232-89CF-8F859B3981E7}.Release|x86.Build.0 = Release|Any CPU
		{285A07A9-A0EF-4BE7-9354-20F25EC05BAC}.Debug|Any CPU.ActiveCfg = Debug|Any CPU
		{285A07A9-A0EF-4BE7-9354-20F25EC05BAC}.Debug|Any CPU.Build.0 = Debug|Any CPU
		{285A07A9-A0EF-4BE7-9354-20F25EC05BAC}.Debug|x64.ActiveCfg = Debug|Any CPU
		{285A07A9-A0EF-4BE7-9354-20F25EC05BAC}.Debug|x64.Build.0 = Debug|Any CPU
		{285A07A9-A0EF-4BE7-9354-20F25EC05BAC}.Debug|x86.ActiveCfg = Debug|Any CPU
		{285A07A9-A0EF-4BE7-9354-20F25EC05BAC}.Debug|x86.Build.0 = Debug|Any CPU
		{285A07A9-A0EF-4BE7-9354-20F25EC05BAC}.Release|Any CPU.ActiveCfg = Release|Any CPU
		{285A07A9-A0EF-4BE7-9354-20F25EC05BAC}.Release|Any CPU.Build.0 = Release|Any CPU
		{285A07A9-A0EF-4BE7-9354-20F25EC05BAC}.Release|x64.ActiveCfg = Release|Any CPU
		{285A07A9-A0EF-4BE7-9354-20F25EC05BAC}.Release|x64.Build.0 = Release|Any CPU
		{285A07A9-A0EF-4BE7-9354-20F25EC05BAC}.Release|x86.ActiveCfg = Release|Any CPU
		{285A07A9-A0EF-4BE7-9354-20F25EC05BAC}.Release|x86.Build.0 = Release|Any CPU
	EndGlobalSection
	GlobalSection(SolutionProperties) = preSolution
		HideSolutionNode = FALSE
	EndGlobalSection
	GlobalSection(ExtensibilityGlobals) = postSolution
		SolutionGuid = {81F8459E-088F-4F63-84C4-9431A95989A5}
	EndGlobalSection
	GlobalSection(TestCaseManagementSettings) = postSolution
		CategoryFile = ccCoreDotnet.vsmdi
	EndGlobalSection
EndGlobal
